// !$*UTF8*$!
{
	archiveVersion = 1;
	classes = {
	};
	objectVersion = 48;
	objects = {

/* Begin PBXBuildFile section */
		B543186E1F8214E600B57F77 /* AppDelegate.swift in Sources */ = {isa = PBXBuildFile; fileRef = B543186D1F8214E600B57F77 /* AppDelegate.swift */; };
		B54318701F8214E600B57F77 /* ViewController.swift in Sources */ = {isa = PBXBuildFile; fileRef = B543186F1F8214E600B57F77 /* ViewController.swift */; };
		B54318731F8214E600B57F77 /* Main.storyboard in Resources */ = {isa = PBXBuildFile; fileRef = B54318711F8214E600B57F77 /* Main.storyboard */; };
		B54318751F8214E600B57F77 /* Assets.xcassets in Resources */ = {isa = PBXBuildFile; fileRef = B54318741F8214E600B57F77 /* Assets.xcassets */; };
		B54318781F8214E600B57F77 /* LaunchScreen.storyboard in Resources */ = {isa = PBXBuildFile; fileRef = B54318761F8214E600B57F77 /* LaunchScreen.storyboard */; };
		B54318861F8215CF00B57F77 /* 01.png in Resources */ = {isa = PBXBuildFile; fileRef = B543187F1F8215BC00B57F77 /* 01.png */; };
		B54318871F8215CF00B57F77 /* 02.png in Resources */ = {isa = PBXBuildFile; fileRef = B54318841F8215BD00B57F77 /* 02.png */; };
		B54318881F8215CF00B57F77 /* 03.png in Resources */ = {isa = PBXBuildFile; fileRef = B54318801F8215BD00B57F77 /* 03.png */; };
		B54318891F8215CF00B57F77 /* 04.png in Resources */ = {isa = PBXBuildFile; fileRef = B54318821F8215BD00B57F77 /* 04.png */; };
		B543188A1F8215CF00B57F77 /* 05.png in Resources */ = {isa = PBXBuildFile; fileRef = B54318831F8215BD00B57F77 /* 05.png */; };
		B543188B1F8215CF00B57F77 /* 06.png in Resources */ = {isa = PBXBuildFile; fileRef = B54318811F8215BD00B57F77 /* 06.png */; };
/* End PBXBuildFile section */

/* Begin PBXFileReference section */
		B543186A1F8214E600B57F77 /* PageControl.app */ = {isa = PBXFileReference; explicitFileType = wrapper.application; includeInIndex = 0; path = PageControl.app; sourceTree = BUILT_PRODUCTS_DIR; };
		B543186D1F8214E600B57F77 /* AppDelegate.swift */ = {isa = PBXFileReference; lastKnownFileType = sourcecode.swift; path = AppDelegate.swift; sourceTree = "<group>"; };
		B543186F1F8214E600B57F77 /* ViewController.swift */ = {isa = PBXFileReference; lastKnownFileType = sourcecode.swift; path = ViewController.swift; sourceTree = "<group>"; };
		B54318721F8214E600B57F77 /* Base */ = {isa = PBXFileReference; lastKnownFileType = file.storyboard; name = Base; path = Base.lproj/Main.storyboard; sourceTree = "<group>"; };
		B54318741F8214E600B57F77 /* Assets.xcassets */ = {isa = PBXFileReference; lastKnownFileType = folder.assetcatalog; path = Assets.xcassets; sourceTree = "<group>"; };
		B54318771F8214E600B57F77 /* Base */ = {isa = PBXFileReference; lastKnownFileType = file.storyboard; name = Base; path = Base.lproj/LaunchScreen.storyboard; sourceTree = "<group>"; };
		B54318791F8214E600B57F77 /* Info.plist */ = {isa = PBXFileReference; lastKnownFileType = text.plist.xml; path = Info.plist; sourceTree = "<group>"; };
		B543187F1F8215BC00B57F77 /* 01.png */ = {isa = PBXFileReference; lastKnownFileType = image.png; path = 01.png; sourceTree = "<group>"; };
		B54318801F8215BD00B57F77 /* 03.png */ = {isa = PBXFileReference; lastKnownFileType = image.png; path = 03.png; sourceTree = "<group>"; };
		B54318811F8215BD00B57F77 /* 06.png */ = {isa = PBXFileReference; lastKnownFileType = image.png; path = 06.png; sourceTree = "<group>"; };
		B54318821F8215BD00B57F77 /* 04.png */ = {isa = PBXFileReference; lastKnownFileType = image.png; path = 04.png; sourceTree = "<group>"; };
		B54318831F8215BD00B57F77 /* 05.png */ = {isa = PBXFileReference; lastKnownFileType = image.png; path = 05.png; sourceTree = "<group>"; };
		B54318841F8215BD00B57F77 /* 02.png */ = {isa = PBXFileReference; lastKnownFileType = image.png; path = 02.png; sourceTree = "<group>"; };
/* End PBXFileReference section */

/* Begin PBXFrameworksBuildPhase section */
		B54318671F8214E600B57F77 /* Frameworks */ = {
			isa = PBXFrameworksBuildPhase;
			buildActionMask = 2147483647;
			files = (
			);
			runOnlyForDeploymentPostprocessing = 0;
		};
/* End PBXFrameworksBuildPhase section */

/* Begin PBXGroup section */
		B54318611F8214E600B57F77 = {
			isa = PBXGroup;
			children = (
				B543186C1F8214E600B57F77 /* PageControl */,
				B543186B1F8214E600B57F77 /* Products */,
			);
			sourceTree = "<group>";
		};
		B543186B1F8214E600B57F77 /* Products */ = {
			isa = PBXGroup;
			children = (
				B543186A1F8214E600B57F77 /* PageControl.app */,
			);
			name = Products;
			sourceTree = "<group>";
		};
		B543186C1F8214E600B57F77 /* PageControl */ = {
			isa = PBXGroup;
			children = (
				B54318851F8215C100B57F77 /* images */,
				B543186D1F8214E600B57F77 /* AppDelegate.swift */,
				B543186F1F8214E600B57F77 /* ViewController.swift */,
				B54318711F8214E600B57F77 /* Main.storyboard */,
				B54318741F8214E600B57F77 /* Assets.xcassets */,
				B54318761F8214E600B57F77 /* LaunchScreen.storyboard */,
				B54318791F8214E600B57F77 /* Info.plist */,
			);
			path = PageControl;
			sourceTree = "<group>";
		};
		B54318851F8215C100B57F77 /* images */ = {
			isa = PBXGroup;
			children = (
				B543187F1F8215BC00B57F77 /* 01.png */,
				B54318841F8215BD00B57F77 /* 02.png */,
				B54318801F8215BD00B57F77 /* 03.png */,
				B54318821F8215BD00B57F77 /* 04.png */,
				B54318831F8215BD00B57F77 /* 05.png */,
				B54318811F8215BD00B57F77 /* 06.png */,
			);
			path = images;
			sourceTree = "<group>";
		};
/* End PBXGroup section */

/* Begin PBXNativeTarget section */
		B54318691F8214E600B57F77 /* PageControl */ = {
			isa = PBXNativeTarget;
			buildConfigurationList = B543187C1F8214E600B57F77 /* Build configuration list for PBXNativeTarget "PageControl" */;
			buildPhases = (
				B54318661F8214E600B57F77 /* Sources */,
				B54318671F8214E600B57F77 /* Frameworks */,
				B54318681F8214E600B57F77 /* Resources */,
			);
			buildRules = (
			);
			dependencies = (
			);
			name = PageControl;
			productName = PageControl;
			productReference = B543186A1F8214E600B57F77 /* PageControl.app */;
			productType = "com.apple.product-type.application";
		};
/* End PBXNativeTarget section */

/* Begin PBXProject section */
		B54318621F8214E600B57F77 /* Project object */ = {
			isa = PBXProject;
			attributes = {
				LastSwiftUpdateCheck = 0900;
				LastUpgradeCheck = 0900;
				ORGANIZATIONNAME = "Ho-Jeong Song";
				TargetAttributes = {
					B54318691F8214E600B57F77 = {
						CreatedOnToolsVersion = 9.0;
						ProvisioningStyle = Automatic;
					};
				};
			};
			buildConfigurationList = B54318651F8214E600B57F77 /* Build configuration list for PBXProject "PageControl" */;
			compatibilityVersion = "Xcode 8.0";
			developmentRegion = en;
			hasScannedForEncodings = 0;
			knownRegions = (
				en,
				Base,
			);
			mainGroup = B54318611F8214E600B57F77;
			productRefGroup = B543186B1F8214E600B57F77 /* Products */;
			projectDirPath = "";
			projectRoot = "";
			targets = (
				B54318691F8214E600B57F77 /* PageControl */,
			);
		};
/* End PBXProject section */

/* Begin PBXResourcesBuildPhase section */
		B54318681F8214E600B57F77 /* Resources */ = {
			isa = PBXResourcesBuildPhase;
			buildActionMask = 2147483647;
			files = (
				B54318871F8215CF00B57F77 /* 02.png in Resources */,
				B54318781F8214E600B57F77 /* LaunchScreen.storyboard in Resources */,
				B54318751F8214E600B57F77 /* Assets.xcassets in Resources */,
				B54318861F8215CF00B57F77 /* 01.png in Resources */,
				B543188B1F8215CF00B57F77 /* 06.png in Resources */,
				B54318891F8215CF00B57F77 /* 04.png in Resources */,
				B54318881F8215CF00B57F77 /* 03.png in Resources */,
				B543188A1F8215CF00B57F77 /* 05.png in Resources */,
				B54318731F8214E600B57F77 /* Main.storyboard in Resources */,
			);
			runOnlyForDeploymentPostprocessing = 0;
		};
/* End PBXResourcesBuildPhase section */

/* Begin PBXSourcesBuildPhase section */
		B54318661F8214E600B57F77 /* Sources */ = {
			isa = PBXSourcesBuildPhase;
			buildActionMask = 2147483647;
			files = (
				B54318701F8214E600B57F77 /* ViewController.swift in Sources */,
				B543186E1F8214E600B57F77 /* AppDelegate.swift in Sources */,
			);
			runOnlyForDeploymentPostprocessing = 0;
		};
/* End PBXSourcesBuildPhase section */

/* Begin PBXVariantGroup section */
		B54318711F8214E600B57F77 /* Main.storyboard */ = {
			isa = PBXVariantGroup;
			children = (
				B54318721F8214E600B57F77 /* Base */,
			);
			name = Main.storyboard;
			sourceTree = "<group>";
		};
		B54318761F8214E600B57F77 /* LaunchScreen.storyboard */ = {
			isa = PBXVariantGroup;
			children = (
				B54318771F8214E600B57F77 /* Base */,
			);
			name = LaunchScreen.storyboard;
			sourceTree = "<group>";
		};
/* End PBXVariantGroup section */

/* Begin XCBuildConfiguration section */
		B543187A1F8214E600B57F77 /* Debug */ = {
			isa = XCBuildConfiguration;
			buildSettings = {
				ALWAYS_SEARCH_USER_PATHS = NO;
				CLANG_ANALYZER_NONNULL = YES;
				CLANG_ANALYZER_NUMBER_OBJECT_CONVERSION = YES_AGGRESSIVE;
				CLANG_CXX_LANGUAGE_STANDARD = "gnu++14";
				CLANG_CXX_LIBRARY = "libc++";
				CLANG_ENABLE_MODULES = YES;
				CLANG_ENABLE_OBJC_ARC = YES;
				CLANG_WARN_BLOCK_CAPTURE_AUTORELEASING = YES;
				CLANG_WARN_BOOL_CONVERSION = YES;
				CLANG_WARN_COMMA = YES;
				CLANG_WARN_CONSTANT_CONVERSION = YES;
				CLANG_WARN_DIRECT_OBJC_ISA_USAGE = YES_ERROR;
				CLANG_WARN_DOCUMENTATION_COMMENTS = YES;
				CLANG_WARN_EMPTY_BODY = YES;
				CLANG_WARN_ENUM_CONVERSION = YES;
				CLANG_WARN_INFINITE_RECURSION = YES;
				CLANG_WARN_INT_CONVERSION = YES;
				CLANG_WARN_NON_LITERAL_NULL_CONVERSION = YES;
				CLANG_WARN_OBJC_LITERAL_CONVERSION = YES;
				CLANG_WARN_OBJC_ROOT_CLASS = YES_ERROR;
				CLANG_WARN_RANGE_LOOP_ANALYSIS = YES;
				CLANG_WARN_STRICT_PROTOTYPES = YES;
				CLANG_WARN_SUSPICIOUS_MOVE = YES;
				CLANG_WARN_UNGUARDED_AVAILABILITY = YES_AGGRESSIVE;
				CLANG_WARN_UNREACHABLE_CODE = YES;
				CLANG_WARN__DUPLICATE_METHOD_MATCH = YES;
				CODE_SIGN_IDENTITY = "iPhone Developer";
				COPY_PHASE_STRIP = NO;
				DEBUG_INFORMATION_FORMAT = dwarf;
				ENABLE_STRICT_OBJC_MSGSEND = YES;
				ENABLE_TESTABILITY = YES;
				GCC_C_LANGUAGE_STANDARD = gnu11;
				GCC_DYNAMIC_NO_PIC = NO;
				GCC_NO_COMMON_BLOCKS = YES;
				GCC_OPTIMIZATION_LEVEL = 0;
				GCC_PREPROCESSOR_DEFINITIONS = (
					"DEBUG=1",
					"$(inherited)",
				);
				GCC_WARN_64_TO_32_BIT_CONVERSION = YES;
				GCC_WARN_ABOUT_RETURN_TYPE = YES_ERROR;
				GCC_WARN_UNDECLARED_SELECTOR = YES;
				GCC_WARN_UNINITIALIZED_AUTOS = YES_AGGRESSIVE;
				GCC_WARN_UNUSED_FUNCTION = YES;
				GCC_WARN_UNUSED_VARIABLE = YES;
				IPHONEOS_DEPLOYMENT_TARGET = 11.0;
				MTL_ENABLE_DEBUG_INFO = YES;
				ONLY_ACTIVE_ARCH = YES;
				SDKROOT = iphoneos;
				SWIFT_ACTIVE_COMPILATION_CONDITIONS = DEBUG;
				SWIFT_OPTIMIZATION_LEVEL = "-Onone";
			};
			name = Debug;
		};
		B543187B1F8214E600B57F77 /* Release */ = {
			isa = XCBuildConfiguration;
			buildSettings = {
				ALWAYS_SEARCH_USER_PATHS = NO;
				CLANG_ANALYZER_NONNULL = YES;
				CLANG_ANALYZER_NUMBER_OBJECT_CONVERSION = YES_AGGRESSIVE;
				CLANG_CXX_LANGUAGE_STANDARD = "gnu++14";
				CLANG_CXX_LIBRARY = "libc++";
				CLANG_ENABLE_MODULES = YES;
				CLANG_ENABLE_OBJC_ARC = YES;
				CLANG_WARN_BLOCK_CAPTURE_AUTORELEASING = YES;
				CLANG_WARN_BOOL_CONVERSION = YES;
				CLANG_WARN_COMMA = YES;
				CLANG_WARN_CONSTANT_CONVERSION = YES;
				CLANG_WARN_DIRECT_OBJC_ISA_USAGE = YES_ERROR;
				CLANG_WARN_DOCUMENTATION_COMMENTS = YES;
				CLANG_WARN_EMPTY_BODY = YES;
				CLANG_WARN_ENUM_CONVERSION = YES;
				CLANG_WARN_INFINITE_RECURSION = YES;
				CLANG_WARN_INT_CONVERSION = YES;
				CLANG_WARN_NON_LITERAL_NULL_CONVERSION = YES;
				CLANG_WARN_OBJC_LITERAL_CONVERSION = YES;
				CLANG_WARN_OBJC_ROOT_CLASS = YES_ERROR;
				CLANG_WARN_RANGE_LOOP_ANALYSIS = YES;
				CLANG_WARN_STRICT_PROTOTYPES = YES;
				CLANG_WARN_SUSPICIOUS_MOVE = YES;
				CLANG_WARN_UNGUARDED_AVAILABILITY = YES_AGGRESSIVE;
				CLANG_WARN_UNREACHABLE_CODE = YES;
				CLANG_WARN__DUPLICATE_METHOD_MATCH = YES;
				CODE_SIGN_IDENTITY = "iPhone Developer";
				COPY_PHASE_STRIP = NO;
				DEBUG_INFORMATION_FORMAT = "dwarf-with-dsym";
				ENABLE_NS_ASSERTIONS = NO;
				ENABLE_STRICT_OBJC_MSGSEND = YES;
				GCC_C_LANGUAGE_STANDARD = gnu11;
				GCC_NO_COMMON_BLOCKS = YES;
				GCC_WARN_64_TO_32_BIT_CONVERSION = YES;
				GCC_WARN_ABOUT_RETURN_TYPE = YES_ERROR;
				GCC_WARN_UNDECLARED_SELECTOR = YES;
				GCC_WARN_UNINITIALIZED_AUTOS = YES_AGGRESSIVE;
				GCC_WARN_UNUSED_FUNCTION = YES;
				GCC_WARN_UNUSED_VARIABLE = YES;
				IPHONEOS_DEPLOYMENT_TARGET = 11.0;
				MTL_ENABLE_DEBUG_INFO = NO;
				SDKROOT = iphoneos;
				SWIFT_OPTIMIZATION_LEVEL = "-Owholemodule";
				VALIDATE_PRODUCT = YES;
			};
			name = Release;
		};
		B543187D1F8214E600B57F77 /* Debug */ = {
			isa = XCBuildConfiguration;
			buildSettings = {
				ASSETCATALOG_COMPILER_APPICON_NAME = AppIcon;
				CODE_SIGN_STYLE = Automatic;
				INFOPLIST_FILE = PageControl/Info.plist;
				LD_RUNPATH_SEARCH_PATHS = "$(inherited) @executable_path/Frameworks";
				PRODUCT_BUNDLE_IDENTIFIER = net.macnpc.PageControl;
				PRODUCT_NAME = "$(TARGET_NAME)";
				SWIFT_VERSION = 4.0;
				TARGETED_DEVICE_FAMILY = "1,2";
			};
			name = Debug;
		};
		B543187E1F8214E600B57F77 /* Release */ = {
			isa = XCBuildConfiguration;
			buildSettings = {
				ASSETCATALOG_COMPILER_APPICON_NAME = AppIcon;
				CODE_SIGN_STYLE = Automatic;
				INFOPLIST_FILE = PageControl/Info.plist;
				LD_RUNPATH_SEARCH_PATHS = "$(inherited) @executable_path/Frameworks";
				PRODUCT_BUNDLE_IDENTIFIER = net.macnpc.PageControl;
				PRODUCT_NAME = "$(TARGET_NAME)";
				SWIFT_VERSION = 4.0;
				TARGETED_DEVICE_FAMILY = "1,2";
			};
			name = Release;
		};
/* End XCBuildConfiguration section */

/* Begin XCConfigurationList section */
		B54318651F8214E600B57F77 /* Build configuration list for PBXProject "PageControl" */ = {
			isa = XCConfigurationList;
			buildConfigurations = (
				B543187A1F8214E600B57F77 /* Debug */,
				B543187B1F8214E600B57F77 /* Release */,
			);
			defaultConfigurationIsVisible = 0;
			defaultConfigurationName = Release;
		};
		B543187C1F8214E600B57F77 /* Build configuration list for PBXNativeTarget "PageControl" */ = {
			isa = XCConfigurationList;
			buildConfigurations = (
				B543187D1F8214E600B57F77 /* Debug */,
				B543187E1F8214E600B57F77 /* Release */,
			);
			defaultConfigurationIsVisible = 0;
			defaultConfigurationName = Release;
		};
/* End XCConfigurationList section */
	};
	rootObject = B54318621F8214E600B57F77 /* Project object */;
}
