// !$*UTF8*$!
{
	archiveVersion = 1;
	classes = {
	};
	objectVersion = 48;
	objects = {

/* Begin PBXBuildFile section */
		B52A387A1F8D05E4008032D9 /* AppDelegate.swift in Sources */ = {isa = PBXBuildFile; fileRef = B52A38791F8D05E4008032D9 /* AppDelegate.swift */; };
		B52A387C1F8D05E4008032D9 /* ViewController.swift in Sources */ = {isa = PBXBuildFile; fileRef = B52A387B1F8D05E4008032D9 /* ViewController.swift */; };
		B52A387F1F8D05E4008032D9 /* Main.storyboard in Resources */ = {isa = PBXBuildFile; fileRef = B52A387D1F8D05E4008032D9 /* Main.storyboard */; };
		B52A38811F8D05E4008032D9 /* Assets.xcassets in Resources */ = {isa = PBXBuildFile; fileRef = B52A38801F8D05E4008032D9 /* Assets.xcassets */; };
		B52A38841F8D05E4008032D9 /* LaunchScreen.storyboard in Resources */ = {isa = PBXBuildFile; fileRef = B52A38821F8D05E4008032D9 /* LaunchScreen.storyboard */; };
		B52A38961F8D0871008032D9 /* 1.jpg in Resources */ = {isa = PBXBuildFile; fileRef = B52A388C1F8D0835008032D9 /* 1.jpg */; };
		B52A38971F8D0871008032D9 /* 2.jpg in Resources */ = {isa = PBXBuildFile; fileRef = B52A388D1F8D0835008032D9 /* 2.jpg */; };
		B52A38981F8D0871008032D9 /* 3.jpg in Resources */ = {isa = PBXBuildFile; fileRef = B52A38941F8D0836008032D9 /* 3.jpg */; };
		B52A38991F8D0871008032D9 /* 4.jpg in Resources */ = {isa = PBXBuildFile; fileRef = B52A38931F8D0836008032D9 /* 4.jpg */; };
		B52A389A1F8D0871008032D9 /* 5.jpg in Resources */ = {isa = PBXBuildFile; fileRef = B52A38901F8D0836008032D9 /* 5.jpg */; };
		B52A389B1F8D0871008032D9 /* 6.jpg in Resources */ = {isa = PBXBuildFile; fileRef = B52A38911F8D0836008032D9 /* 6.jpg */; };
		B52A389C1F8D0871008032D9 /* 7.jpg in Resources */ = {isa = PBXBuildFile; fileRef = B52A388F1F8D0836008032D9 /* 7.jpg */; };
		B52A389D1F8D0871008032D9 /* 8.jpg in Resources */ = {isa = PBXBuildFile; fileRef = B52A388B1F8D0835008032D9 /* 8.jpg */; };
		B52A389E1F8D0871008032D9 /* 9.jpg in Resources */ = {isa = PBXBuildFile; fileRef = B52A388E1F8D0836008032D9 /* 9.jpg */; };
		B52A389F1F8D0871008032D9 /* 10.jpg in Resources */ = {isa = PBXBuildFile; fileRef = B52A38921F8D0836008032D9 /* 10.jpg */; };
/* End PBXBuildFile section */

/* Begin PBXFileReference section */
		B52A38761F8D05E4008032D9 /* PickerView.app */ = {isa = PBXFileReference; explicitFileType = wrapper.application; includeInIndex = 0; path = PickerView.app; sourceTree = BUILT_PRODUCTS_DIR; };
		B52A38791F8D05E4008032D9 /* AppDelegate.swift */ = {isa = PBXFileReference; lastKnownFileType = sourcecode.swift; path = AppDelegate.swift; sourceTree = "<group>"; };
		B52A387B1F8D05E4008032D9 /* ViewController.swift */ = {isa = PBXFileReference; lastKnownFileType = sourcecode.swift; path = ViewController.swift; sourceTree = "<group>"; };
		B52A387E1F8D05E4008032D9 /* Base */ = {isa = PBXFileReference; lastKnownFileType = file.storyboard; name = Base; path = Base.lproj/Main.storyboard; sourceTree = "<group>"; };
		B52A38801F8D05E4008032D9 /* Assets.xcassets */ = {isa = PBXFileReference; lastKnownFileType = folder.assetcatalog; path = Assets.xcassets; sourceTree = "<group>"; };
		B52A38831F8D05E4008032D9 /* Base */ = {isa = PBXFileReference; lastKnownFileType = file.storyboard; name = Base; path = Base.lproj/LaunchScreen.storyboard; sourceTree = "<group>"; };
		B52A38851F8D05E4008032D9 /* Info.plist */ = {isa = PBXFileReference; lastKnownFileType = text.plist.xml; path = Info.plist; sourceTree = "<group>"; };
		B52A388B1F8D0835008032D9 /* 8.jpg */ = {isa = PBXFileReference; lastKnownFileType = image.jpeg; path = 8.jpg; sourceTree = "<group>"; };
		B52A388C1F8D0835008032D9 /* 1.jpg */ = {isa = PBXFileReference; lastKnownFileType = image.jpeg; path = 1.jpg; sourceTree = "<group>"; };
		B52A388D1F8D0835008032D9 /* 2.jpg */ = {isa = PBXFileReference; lastKnownFileType = image.jpeg; path = 2.jpg; sourceTree = "<group>"; };
		B52A388E1F8D0836008032D9 /* 9.jpg */ = {isa = PBXFileReference; lastKnownFileType = image.jpeg; path = 9.jpg; sourceTree = "<group>"; };
		B52A388F1F8D0836008032D9 /* 7.jpg */ = {isa = PBXFileReference; lastKnownFileType = image.jpeg; path = 7.jpg; sourceTree = "<group>"; };
		B52A38901F8D0836008032D9 /* 5.jpg */ = {isa = PBXFileReference; lastKnownFileType = image.jpeg; path = 5.jpg; sourceTree = "<group>"; };
		B52A38911F8D0836008032D9 /* 6.jpg */ = {isa = PBXFileReference; lastKnownFileType = image.jpeg; path = 6.jpg; sourceTree = "<group>"; };
		B52A38921F8D0836008032D9 /* 10.jpg */ = {isa = PBXFileReference; lastKnownFileType = image.jpeg; path = 10.jpg; sourceTree = "<group>"; };
		B52A38931F8D0836008032D9 /* 4.jpg */ = {isa = PBXFileReference; lastKnownFileType = image.jpeg; path = 4.jpg; sourceTree = "<group>"; };
		B52A38941F8D0836008032D9 /* 3.jpg */ = {isa = PBXFileReference; lastKnownFileType = image.jpeg; path = 3.jpg; sourceTree = "<group>"; };
/* End PBXFileReference section */

/* Begin PBXFrameworksBuildPhase section */
		B52A38731F8D05E4008032D9 /* Frameworks */ = {
			isa = PBXFrameworksBuildPhase;
			buildActionMask = 2147483647;
			files = (
			);
			runOnlyForDeploymentPostprocessing = 0;
		};
/* End PBXFrameworksBuildPhase section */

/* Begin PBXGroup section */
		B52A386D1F8D05E4008032D9 = {
			isa = PBXGroup;
			children = (
				B52A38781F8D05E4008032D9 /* PickerView */,
				B52A38771F8D05E4008032D9 /* Products */,
			);
			sourceTree = "<group>";
		};
		B52A38771F8D05E4008032D9 /* Products */ = {
			isa = PBXGroup;
			children = (
				B52A38761F8D05E4008032D9 /* PickerView.app */,
			);
			name = Products;
			sourceTree = "<group>";
		};
		B52A38781F8D05E4008032D9 /* PickerView */ = {
			isa = PBXGroup;
			children = (
				B52A38951F8D083A008032D9 /* images */,
				B52A38791F8D05E4008032D9 /* AppDelegate.swift */,
				B52A387B1F8D05E4008032D9 /* ViewController.swift */,
				B52A387D1F8D05E4008032D9 /* Main.storyboard */,
				B52A38801F8D05E4008032D9 /* Assets.xcassets */,
				B52A38821F8D05E4008032D9 /* LaunchScreen.storyboard */,
				B52A38851F8D05E4008032D9 /* Info.plist */,
			);
			path = PickerView;
			sourceTree = "<group>";
		};
		B52A38951F8D083A008032D9 /* images */ = {
			isa = PBXGroup;
			children = (
				B52A388C1F8D0835008032D9 /* 1.jpg */,
				B52A388D1F8D0835008032D9 /* 2.jpg */,
				B52A38941F8D0836008032D9 /* 3.jpg */,
				B52A38931F8D0836008032D9 /* 4.jpg */,
				B52A38901F8D0836008032D9 /* 5.jpg */,
				B52A38911F8D0836008032D9 /* 6.jpg */,
				B52A388F1F8D0836008032D9 /* 7.jpg */,
				B52A388B1F8D0835008032D9 /* 8.jpg */,
				B52A388E1F8D0836008032D9 /* 9.jpg */,
				B52A38921F8D0836008032D9 /* 10.jpg */,
			);
			path = images;
			sourceTree = "<group>";
		};
/* End PBXGroup section */

/* Begin PBXNativeTarget section */
		B52A38751F8D05E4008032D9 /* PickerView */ = {
			isa = PBXNativeTarget;
			buildConfigurationList = B52A38881F8D05E4008032D9 /* Build configuration list for PBXNativeTarget "PickerView" */;
			buildPhases = (
				B52A38721F8D05E4008032D9 /* Sources */,
				B52A38731F8D05E4008032D9 /* Frameworks */,
				B52A38741F8D05E4008032D9 /* Resources */,
			);
			buildRules = (
			);
			dependencies = (
			);
			name = PickerView;
			productName = PickerView;
			productReference = B52A38761F8D05E4008032D9 /* PickerView.app */;
			productType = "com.apple.product-type.application";
		};
/* End PBXNativeTarget section */

/* Begin PBXProject section */
		B52A386E1F8D05E4008032D9 /* Project object */ = {
			isa = PBXProject;
			attributes = {
				LastSwiftUpdateCheck = 0900;
				LastUpgradeCheck = 0900;
				ORGANIZATIONNAME = "Ho-Jeong Song";
				TargetAttributes = {
					B52A38751F8D05E4008032D9 = {
						CreatedOnToolsVersion = 9.0;
						ProvisioningStyle = Automatic;
					};
				};
			};
			buildConfigurationList = B52A38711F8D05E4008032D9 /* Build configuration list for PBXProject "PickerView" */;
			compatibilityVersion = "Xcode 8.0";
			developmentRegion = en;
			hasScannedForEncodings = 0;
			knownRegions = (
				en,
				Base,
			);
			mainGroup = B52A386D1F8D05E4008032D9;
			productRefGroup = B52A38771F8D05E4008032D9 /* Products */;
			projectDirPath = "";
			projectRoot = "";
			targets = (
				B52A38751F8D05E4008032D9 /* PickerView */,
			);
		};
/* End PBXProject section */

/* Begin PBXResourcesBuildPhase section */
		B52A38741F8D05E4008032D9 /* Resources */ = {
			isa = PBXResourcesBuildPhase;
			buildActionMask = 2147483647;
			files = (
				B52A389F1F8D0871008032D9 /* 10.jpg in Resources */,
				B52A389D1F8D0871008032D9 /* 8.jpg in Resources */,
				B52A389B1F8D0871008032D9 /* 6.jpg in Resources */,
				B52A38841F8D05E4008032D9 /* LaunchScreen.storyboard in Resources */,
				B52A389A1F8D0871008032D9 /* 5.jpg in Resources */,
				B52A38991F8D0871008032D9 /* 4.jpg in Resources */,
				B52A38961F8D0871008032D9 /* 1.jpg in Resources */,
				B52A38971F8D0871008032D9 /* 2.jpg in Resources */,
				B52A38981F8D0871008032D9 /* 3.jpg in Resources */,
				B52A389C1F8D0871008032D9 /* 7.jpg in Resources */,
				B52A389E1F8D0871008032D9 /* 9.jpg in Resources */,
				B52A38811F8D05E4008032D9 /* Assets.xcassets in Resources */,
				B52A387F1F8D05E4008032D9 /* Main.storyboard in Resources */,
			);
			runOnlyForDeploymentPostprocessing = 0;
		};
/* End PBXResourcesBuildPhase section */

/* Begin PBXSourcesBuildPhase section */
		B52A38721F8D05E4008032D9 /* Sources */ = {
			isa = PBXSourcesBuildPhase;
			buildActionMask = 2147483647;
			files = (
				B52A387C1F8D05E4008032D9 /* ViewController.swift in Sources */,
				B52A387A1F8D05E4008032D9 /* AppDelegate.swift in Sources */,
			);
			runOnlyForDeploymentPostprocessing = 0;
		};
/* End PBXSourcesBuildPhase section */

/* Begin PBXVariantGroup section */
		B52A387D1F8D05E4008032D9 /* Main.storyboard */ = {
			isa = PBXVariantGroup;
			children = (
				B52A387E1F8D05E4008032D9 /* Base */,
			);
			name = Main.storyboard;
			sourceTree = "<group>";
		};
		B52A38821F8D05E4008032D9 /* LaunchScreen.storyboard */ = {
			isa = PBXVariantGroup;
			children = (
				B52A38831F8D05E4008032D9 /* Base */,
			);
			name = LaunchScreen.storyboard;
			sourceTree = "<group>";
		};
/* End PBXVariantGroup section */

/* Begin XCBuildConfiguration section */
		B52A38861F8D05E4008032D9 /* Debug */ = {
			isa = XCBuildConfiguration;
			buildSettings = {
				ALWAYS_SEARCH_USER_PATHS = NO;
				CLANG_ANALYZER_NONNULL = YES;
				CLANG_ANALYZER_NUMBER_OBJECT_CONVERSION = YES_AGGRESSIVE;
				CLANG_CXX_LANGUAGE_STANDARD = "gnu++14";
				CLANG_CXX_LIBRARY = "libc++";
				CLANG_ENABLE_MODULES = YES;
				CLANG_ENABLE_OBJC_ARC = YES;
				CLANG_WARN_BLOCK_CAPTURE_AUTORELEASING = YES;
				CLANG_WARN_BOOL_CONVERSION = YES;
				CLANG_WARN_COMMA = YES;
				CLANG_WARN_CONSTANT_CONVERSION = YES;
				CLANG_WARN_DIRECT_OBJC_ISA_USAGE = YES_ERROR;
				CLANG_WARN_DOCUMENTATION_COMMENTS = YES;
				CLANG_WARN_EMPTY_BODY = YES;
				CLANG_WARN_ENUM_CONVERSION = YES;
				CLANG_WARN_INFINITE_RECURSION = YES;
				CLANG_WARN_INT_CONVERSION = YES;
				CLANG_WARN_NON_LITERAL_NULL_CONVERSION = YES;
				CLANG_WARN_OBJC_LITERAL_CONVERSION = YES;
				CLANG_WARN_OBJC_ROOT_CLASS = YES_ERROR;
				CLANG_WARN_RANGE_LOOP_ANALYSIS = YES;
				CLANG_WARN_STRICT_PROTOTYPES = YES;
				CLANG_WARN_SUSPICIOUS_MOVE = YES;
				CLANG_WARN_UNGUARDED_AVAILABILITY = YES_AGGRESSIVE;
				CLANG_WARN_UNREACHABLE_CODE = YES;
				CLANG_WARN__DUPLICATE_METHOD_MATCH = YES;
				CODE_SIGN_IDENTITY = "iPhone Developer";
				COPY_PHASE_STRIP = NO;
				DEBUG_INFORMATION_FORMAT = dwarf;
				ENABLE_STRICT_OBJC_MSGSEND = YES;
				ENABLE_TESTABILITY = YES;
				GCC_C_LANGUAGE_STANDARD = gnu11;
				GCC_DYNAMIC_NO_PIC = NO;
				GCC_NO_COMMON_BLOCKS = YES;
				GCC_OPTIMIZATION_LEVEL = 0;
				GCC_PREPROCESSOR_DEFINITIONS = (
					"DEBUG=1",
					"$(inherited)",
				);
				GCC_WARN_64_TO_32_BIT_CONVERSION = YES;
				GCC_WARN_ABOUT_RETURN_TYPE = YES_ERROR;
				GCC_WARN_UNDECLARED_SELECTOR = YES;
				GCC_WARN_UNINITIALIZED_AUTOS = YES_AGGRESSIVE;
				GCC_WARN_UNUSED_FUNCTION = YES;
				GCC_WARN_UNUSED_VARIABLE = YES;
				IPHONEOS_DEPLOYMENT_TARGET = 11.0;
				MTL_ENABLE_DEBUG_INFO = YES;
				ONLY_ACTIVE_ARCH = YES;
				SDKROOT = iphoneos;
				SWIFT_ACTIVE_COMPILATION_CONDITIONS = DEBUG;
				SWIFT_OPTIMIZATION_LEVEL = "-Onone";
			};
			name = Debug;
		};
		B52A38871F8D05E4008032D9 /* Release */ = {
			isa = XCBuildConfiguration;
			buildSettings = {
				ALWAYS_SEARCH_USER_PATHS = NO;
				CLANG_ANALYZER_NONNULL = YES;
				CLANG_ANALYZER_NUMBER_OBJECT_CONVERSION = YES_AGGRESSIVE;
				CLANG_CXX_LANGUAGE_STANDARD = "gnu++14";
				CLANG_CXX_LIBRARY = "libc++";
				CLANG_ENABLE_MODULES = YES;
				CLANG_ENABLE_OBJC_ARC = YES;
				CLANG_WARN_BLOCK_CAPTURE_AUTORELEASING = YES;
				CLANG_WARN_BOOL_CONVERSION = YES;
				CLANG_WARN_COMMA = YES;
				CLANG_WARN_CONSTANT_CONVERSION = YES;
				CLANG_WARN_DIRECT_OBJC_ISA_USAGE = YES_ERROR;
				CLANG_WARN_DOCUMENTATION_COMMENTS = YES;
				CLANG_WARN_EMPTY_BODY = YES;
				CLANG_WARN_ENUM_CONVERSION = YES;
				CLANG_WARN_INFINITE_RECURSION = YES;
				CLANG_WARN_INT_CONVERSION = YES;
				CLANG_WARN_NON_LITERAL_NULL_CONVERSION = YES;
				CLANG_WARN_OBJC_LITERAL_CONVERSION = YES;
				CLANG_WARN_OBJC_ROOT_CLASS = YES_ERROR;
				CLANG_WARN_RANGE_LOOP_ANALYSIS = YES;
				CLANG_WARN_STRICT_PROTOTYPES = YES;
				CLANG_WARN_SUSPICIOUS_MOVE = YES;
				CLANG_WARN_UNGUARDED_AVAILABILITY = YES_AGGRESSIVE;
				CLANG_WARN_UNREACHABLE_CODE = YES;
				CLANG_WARN__DUPLICATE_METHOD_MATCH = YES;
				CODE_SIGN_IDENTITY = "iPhone Developer";
				COPY_PHASE_STRIP = NO;
				DEBUG_INFORMATION_FORMAT = "dwarf-with-dsym";
				ENABLE_NS_ASSERTIONS = NO;
				ENABLE_STRICT_OBJC_MSGSEND = YES;
				GCC_C_LANGUAGE_STANDARD = gnu11;
				GCC_NO_COMMON_BLOCKS = YES;
				GCC_WARN_64_TO_32_BIT_CONVERSION = YES;
				GCC_WARN_ABOUT_RETURN_TYPE = YES_ERROR;
				GCC_WARN_UNDECLARED_SELECTOR = YES;
				GCC_WARN_UNINITIALIZED_AUTOS = YES_AGGRESSIVE;
				GCC_WARN_UNUSED_FUNCTION = YES;
				GCC_WARN_UNUSED_VARIABLE = YES;
				IPHONEOS_DEPLOYMENT_TARGET = 11.0;
				MTL_ENABLE_DEBUG_INFO = NO;
				SDKROOT = iphoneos;
				SWIFT_OPTIMIZATION_LEVEL = "-Owholemodule";
				VALIDATE_PRODUCT = YES;
			};
			name = Release;
		};
		B52A38891F8D05E4008032D9 /* Debug */ = {
			isa = XCBuildConfiguration;
			buildSettings = {
				ASSETCATALOG_COMPILER_APPICON_NAME = AppIcon;
				CODE_SIGN_STYLE = Automatic;
				INFOPLIST_FILE = PickerView/Info.plist;
				LD_RUNPATH_SEARCH_PATHS = "$(inherited) @executable_path/Frameworks";
				PRODUCT_BUNDLE_IDENTIFIER = net.macnpc.PickerView;
				PRODUCT_NAME = "$(TARGET_NAME)";
				SWIFT_VERSION = 4.0;
				TARGETED_DEVICE_FAMILY = "1,2";
			};
			name = Debug;
		};
		B52A388A1F8D05E4008032D9 /* Release */ = {
			isa = XCBuildConfiguration;
			buildSettings = {
				ASSETCATALOG_COMPILER_APPICON_NAME = AppIcon;
				CODE_SIGN_STYLE = Automatic;
				INFOPLIST_FILE = PickerView/Info.plist;
				LD_RUNPATH_SEARCH_PATHS = "$(inherited) @executable_path/Frameworks";
				PRODUCT_BUNDLE_IDENTIFIER = net.macnpc.PickerView;
				PRODUCT_NAME = "$(TARGET_NAME)";
				SWIFT_VERSION = 4.0;
				TARGETED_DEVICE_FAMILY = "1,2";
			};
			name = Release;
		};
/* End XCBuildConfiguration section */

/* Begin XCConfigurationList section */
		B52A38711F8D05E4008032D9 /* Build configuration list for PBXProject "PickerView" */ = {
			isa = XCConfigurationList;
			buildConfigurations = (
				B52A38861F8D05E4008032D9 /* Debug */,
				B52A38871F8D05E4008032D9 /* Release */,
			);
			defaultConfigurationIsVisible = 0;
			defaultConfigurationName = Release;
		};
		B52A38881F8D05E4008032D9 /* Build configuration list for PBXNativeTarget "PickerView" */ = {
			isa = XCConfigurationList;
			buildConfigurations = (
				B52A38891F8D05E4008032D9 /* Debug */,
				B52A388A1F8D05E4008032D9 /* Release */,
			);
			defaultConfigurationIsVisible = 0;
			defaultConfigurationName = Release;
		};
/* End XCConfigurationList section */
	};
	rootObject = B52A386E1F8D05E4008032D9 /* Project object */;
}
